
Microsoft Visual Studio Solution File, Format Version 12.00
# Visual Studio Version 17
VisualStudioVersion = 17.9.34616.47
MinimumVisualStudioVersion = 10.0.40219.1
Project("{FAE04EC0-301F-11D3-BF4B-00C04F79EFBC}") = "Core", "Core\Core.csproj", "{900EA85B-364C-4415-A975-5DF78E50C635}"
EndProject
Project("{FAE04EC0-301F-11D3-BF4B-00C04F79EFBC}") = "DataAccess", "DataAccess\DataAccess.csproj", "{5A81F1BE-6CAD-43FD-A37E-A81F0CBA15B7}"
EndProject
Project("{FAE04EC0-301F-11D3-BF4B-00C04F79EFBC}") = "Business", "Business\Business.csproj", "{FE163B8D-5574-40F1-8B4F-6DC150ED9C6B}"
EndProject
Project("{FAE04EC0-301F-11D3-BF4B-00C04F79EFBC}") = "Service", "Service\Service.csproj", "{E28DFC9C-1459-4C2E-A76C-3DD95C503706}"
EndProject
Project("{FAE04EC0-301F-11D3-BF4B-00C04F79EFBC}") = "API", "API\API.csproj", "{3D7EF1F9-A5F5-4B65-9D39-08EAEA1BB7FF}"
EndProject
Project("{FAE04EC0-301F-11D3-BF4B-00C04F79EFBC}") = "Common", "Common\Common.csproj", "{5996F996-7439-40A2-913E-283BFEC7AEF9}"
EndProject
Global
	GlobalSection(SolutionConfigurationPlatforms) = preSolution
		Debug|Any CPU = Debug|Any CPU
		Release|Any CPU = Release|Any CPU
	EndGlobalSection
	GlobalSection(ProjectConfigurationPlatforms) = postSolution
		{900EA85B-364C-4415-A975-5DF78E50C635}.Debug|Any CPU.ActiveCfg = Debug|Any CPU
		{900EA85B-364C-4415-A975-5DF78E50C635}.Debug|Any CPU.Build.0 = Debug|Any CPU
		{900EA85B-364C-4415-A975-5DF78E50C635}.Release|Any CPU.ActiveCfg = Release|Any CPU
		{900EA85B-364C-4415-A975-5DF78E50C635}.Release|Any CPU.Build.0 = Release|Any CPU
		{5A81F1BE-6CAD-43FD-A37E-A81F0CBA15B7}.Debug|Any CPU.ActiveCfg = Debug|Any CPU
		{5A81F1BE-6CAD-43FD-A37E-A81F0CBA15B7}.Debug|Any CPU.Build.0 = Debug|Any CPU
		{5A81F1BE-6CAD-43FD-A37E-A81F0CBA15B7}.Release|Any CPU.ActiveCfg = Release|Any CPU
		{5A81F1BE-6CAD-43FD-A37E-A81F0CBA15B7}.Release|Any CPU.Build.0 = Release|Any CPU
		{FE163B8D-5574-40F1-8B4F-6DC150ED9C6B}.Debug|Any CPU.ActiveCfg = Debug|Any CPU
		{FE163B8D-5574-40F1-8B4F-6DC150ED9C6B}.Debug|Any CPU.Build.0 = Debug|Any CPU
		{FE163B8D-5574-40F1-8B4F-6DC150ED9C6B}.Release|Any CPU.ActiveCfg = Release|Any CPU
		{FE163B8D-5574-40F1-8B4F-6DC150ED9C6B}.Release|Any CPU.Build.0 = Release|Any CPU
		{E28DFC9C-1459-4C2E-A76C-3DD95C503706}.Debug|Any CPU.ActiveCfg = Debug|Any CPU
		{E28DFC9C-1459-4C2E-A76C-3DD95C503706}.Debug|Any CPU.Build.0 = Debug|Any CPU
		{E28DFC9C-1459-4C2E-A76C-3DD95C503706}.Release|Any CPU.ActiveCfg = Release|Any CPU
		{E28DFC9C-1459-4C2E-A76C-3DD95C503706}.Release|Any CPU.Build.0 = Release|Any CPU
		{3D7EF1F9-A5F5-4B65-9D39-08EAEA1BB7FF}.Debug|Any CPU.ActiveCfg = Debug|Any CPU
		{3D7EF1F9-A5F5-4B65-9D39-08EAEA1BB7FF}.Debug|Any CPU.Build.0 = Debug|Any CPU
		{3D7EF1F9-A5F5-4B65-9D39-08EAEA1BB7FF}.Release|Any CPU.ActiveCfg = Release|Any CPU
		{3D7EF1F9-A5F5-4B65-9D39-08EAEA1BB7FF}.Release|Any CPU.Build.0 = Release|Any CPU
		{5996F996-7439-40A2-913E-283BFEC7AEF9}.Debug|Any CPU.ActiveCfg = Debug|Any CPU
		{5996F996-7439-40A2-913E-283BFEC7AEF9}.Debug|Any CPU.Build.0 = Debug|Any CPU
		{5996F996-7439-40A2-913E-283BFEC7AEF9}.Release|Any CPU.ActiveCfg = Release|Any CPU
		{5996F996-7439-40A2-913E-283BFEC7AEF9}.Release|Any CPU.Build.0 = Release|Any CPU
	EndGlobalSection
	GlobalSection(SolutionProperties) = preSolution
		HideSolutionNode = FALSE
	EndGlobalSection
	GlobalSection(ExtensibilityGlobals) = postSolution
		SolutionGuid = {A395C1A8-26A2-4CEE-8C86-44720196AAE8}
	EndGlobalSection
EndGlobal
